github.com/Aslanchik2o/cache v0.0.0-20230930110022-d50ec19ecfbd h1:+mQNjNGIfoL8JmheuZqPNZdkKb1HY69326ftEGkqIHI=
github.com/Aslanchik2o/cache v0.0.0-20230930110022-d50ec19ecfbd/go.mod h1:TIQM1IieZeg4SYmFpofdmQU0b4/C2TluBa6MhiyXXA0=
github.com/Aslanchik2o/cache v0.0.0-20231002062131-672c45ece714 h1:DCfz3JQUGxuQVSoldjbcwp5AElckBQ5vrGqoW36OqL4=
github.com/Aslanchik2o/cache v0.0.0-20231002062131-672c45ece714/go.mod h1:TIQM1IieZeg4SYmFpofdmQU0b4/C2TluBa6MhiyXXA0=
